
Microsoft Visual Studio Solution File, Format Version 12.00
# Visual Studio Version 16
VisualStudioVersion = 16.0.29911.84
MinimumVisualStudioVersion = 10.0.40219.1
Project("{FAE04EC0-301F-11D3-BF4B-00C04F79EFBC}") = "TciDataLinks", "TciDataLinks.csproj", "{ECAADF71-03C9-4DF8-B15E-853F8EFD4CAE}"
EndProject
Project("{9A19103F-16F7-4668-BE54-9A1E7A4F7556}") = "AliaaCommonStandard", "..\..\AliaaCommonStandard\AliaaCommonStandard.csproj", "{791842C6-D519-4A47-8F8E-5AF0B0A96429}"
EndProject
Project("{9A19103F-16F7-4668-BE54-9A1E7A4F7556}") = "EasyMongoNet", "..\..\EasyMongoNet\EasyMongoNet.csproj", "{01D2FAD8-F965-48D5-81F6-5AF58CC33A68}"
EndProject
Global
	GlobalSection(SolutionConfigurationPlatforms) = preSolution
		Debug|Any CPU = Debug|Any CPU
		Release|Any CPU = Release|Any CPU
	EndGlobalSection
	GlobalSection(ProjectConfigurationPlatforms) = postSolution
		{ECAADF71-03C9-4DF8-B15E-853F8EFD4CAE}.Debug|Any CPU.ActiveCfg = Debug|Any CPU
		{ECAADF71-03C9-4DF8-B15E-853F8EFD4CAE}.Debug|Any CPU.Build.0 = Debug|Any CPU
		{ECAADF71-03C9-4DF8-B15E-853F8EFD4CAE}.Release|Any CPU.ActiveCfg = Release|Any CPU
		{ECAADF71-03C9-4DF8-B15E-853F8EFD4CAE}.Release|Any CPU.Build.0 = Release|Any CPU
		{791842C6-D519-4A47-8F8E-5AF0B0A96429}.Debug|Any CPU.ActiveCfg = Debug|Any CPU
		{791842C6-D519-4A47-8F8E-5AF0B0A96429}.Debug|Any CPU.Build.0 = Debug|Any CPU
		{791842C6-D519-4A47-8F8E-5AF0B0A96429}.Release|Any CPU.ActiveCfg = Release|Any CPU
		{791842C6-D519-4A47-8F8E-5AF0B0A96429}.Release|Any CPU.Build.0 = Release|Any CPU
		{01D2FAD8-F965-48D5-81F6-5AF58CC33A68}.Debug|Any CPU.ActiveCfg = Debug|Any CPU
		{01D2FAD8-F965-48D5-81F6-5AF58CC33A68}.Debug|Any CPU.Build.0 = Debug|Any CPU
		{01D2FAD8-F965-48D5-81F6-5AF58CC33A68}.Release|Any CPU.ActiveCfg = Release|Any CPU
		{01D2FAD8-F965-48D5-81F6-5AF58CC33A68}.Release|Any CPU.Build.0 = Release|Any CPU
	EndGlobalSection
	GlobalSection(SolutionProperties) = preSolution
		HideSolutionNode = FALSE
	EndGlobalSection
	GlobalSection(ExtensibilityGlobals) = postSolution
		SolutionGuid = {0E589625-029F-409D-8B24-546D8630BE1E}
	EndGlobalSection
EndGlobal
