
Microsoft Visual Studio Solution File, Format Version 12.00
# Visual Studio Version 16
VisualStudioVersion = 16.0.29911.84
MinimumVisualStudioVersion = 10.0.40219.1
Project("{9A19103F-16F7-4668-BE54-9A1E7A4F7556}") = "TciDataLinks", "TciDataLinks.csproj", "{ECAADF71-03C9-4DF8-B15E-853F8EFD4CAE}"
EndProject
Project("{9A19103F-16F7-4668-BE54-9A1E7A4F7556}") = "TciCommon.Models", "..\TciCommon\TciCommon.Models\TciCommon.Models.csproj", "{6F95FC8C-BE21-4B45-99AC-989B21230B76}"
EndProject
Project("{9A19103F-16F7-4668-BE54-9A1E7A4F7556}") = "EasyMongoNet.Definitions", "..\..\EasyMongoNet\Definitions\EasyMongoNet.Definitions.csproj", "{02FD4106-FDE5-4A25-A739-35864BB81DDB}"
EndProject
Project("{9A19103F-16F7-4668-BE54-9A1E7A4F7556}") = "EasyMongoNet.Driver", "..\..\EasyMongoNet\Driver\EasyMongoNet.Driver.csproj", "{AAA407F4-719C-4DE9-A85C-62E855B6326D}"
EndProject
Project("{9A19103F-16F7-4668-BE54-9A1E7A4F7556}") = "AliaaCommon", "..\..\AliaaCommon\AliaaCommon\AliaaCommon.csproj", "{F0B78ED0-F366-4081-A228-4D91A096780C}"
EndProject
Project("{9A19103F-16F7-4668-BE54-9A1E7A4F7556}") = "AliaaCommon.Models", "..\..\AliaaCommon\AliaaCommon.Models\AliaaCommon.Models.csproj", "{F4EC0DC4-EDFD-4B1F-A2CF-B48C0082851D}"
EndProject
Project("{9A19103F-16F7-4668-BE54-9A1E7A4F7556}") = "AliaaCommon.Server", "..\..\AliaaCommon\AliaaCommon.Server\AliaaCommon.Server.csproj", "{A32924D0-F17E-41BB-8A32-06959F102AAD}"
EndProject
Global
	GlobalSection(SolutionConfigurationPlatforms) = preSolution
		Debug|Any CPU = Debug|Any CPU
		Release|Any CPU = Release|Any CPU
	EndGlobalSection
	GlobalSection(ProjectConfigurationPlatforms) = postSolution
		{ECAADF71-03C9-4DF8-B15E-853F8EFD4CAE}.Debug|Any CPU.ActiveCfg = Debug|Any CPU
		{ECAADF71-03C9-4DF8-B15E-853F8EFD4CAE}.Debug|Any CPU.Build.0 = Debug|Any CPU
		{ECAADF71-03C9-4DF8-B15E-853F8EFD4CAE}.Release|Any CPU.ActiveCfg = Release|Any CPU
		{ECAADF71-03C9-4DF8-B15E-853F8EFD4CAE}.Release|Any CPU.Build.0 = Release|Any CPU
		{6F95FC8C-BE21-4B45-99AC-989B21230B76}.Debug|Any CPU.ActiveCfg = Debug|Any CPU
		{6F95FC8C-BE21-4B45-99AC-989B21230B76}.Debug|Any CPU.Build.0 = Debug|Any CPU
		{6F95FC8C-BE21-4B45-99AC-989B21230B76}.Release|Any CPU.ActiveCfg = Release|Any CPU
		{6F95FC8C-BE21-4B45-99AC-989B21230B76}.Release|Any CPU.Build.0 = Release|Any CPU
		{02FD4106-FDE5-4A25-A739-35864BB81DDB}.Debug|Any CPU.ActiveCfg = Debug|Any CPU
		{02FD4106-FDE5-4A25-A739-35864BB81DDB}.Debug|Any CPU.Build.0 = Debug|Any CPU
		{02FD4106-FDE5-4A25-A739-35864BB81DDB}.Release|Any CPU.ActiveCfg = Release|Any CPU
		{02FD4106-FDE5-4A25-A739-35864BB81DDB}.Release|Any CPU.Build.0 = Release|Any CPU
		{AAA407F4-719C-4DE9-A85C-62E855B6326D}.Debug|Any CPU.ActiveCfg = Debug|Any CPU
		{AAA407F4-719C-4DE9-A85C-62E855B6326D}.Debug|Any CPU.Build.0 = Debug|Any CPU
		{AAA407F4-719C-4DE9-A85C-62E855B6326D}.Release|Any CPU.ActiveCfg = Release|Any CPU
		{AAA407F4-719C-4DE9-A85C-62E855B6326D}.Release|Any CPU.Build.0 = Release|Any CPU
		{F0B78ED0-F366-4081-A228-4D91A096780C}.Debug|Any CPU.ActiveCfg = Debug|Any CPU
		{F0B78ED0-F366-4081-A228-4D91A096780C}.Debug|Any CPU.Build.0 = Debug|Any CPU
		{F0B78ED0-F366-4081-A228-4D91A096780C}.Release|Any CPU.ActiveCfg = Release|Any CPU
		{F0B78ED0-F366-4081-A228-4D91A096780C}.Release|Any CPU.Build.0 = Release|Any CPU
		{F4EC0DC4-EDFD-4B1F-A2CF-B48C0082851D}.Debug|Any CPU.ActiveCfg = Debug|Any CPU
		{F4EC0DC4-EDFD-4B1F-A2CF-B48C0082851D}.Debug|Any CPU.Build.0 = Debug|Any CPU
		{F4EC0DC4-EDFD-4B1F-A2CF-B48C0082851D}.Release|Any CPU.ActiveCfg = Release|Any CPU
		{F4EC0DC4-EDFD-4B1F-A2CF-B48C0082851D}.Release|Any CPU.Build.0 = Release|Any CPU
		{A32924D0-F17E-41BB-8A32-06959F102AAD}.Debug|Any CPU.ActiveCfg = Debug|Any CPU
		{A32924D0-F17E-41BB-8A32-06959F102AAD}.Debug|Any CPU.Build.0 = Debug|Any CPU
		{A32924D0-F17E-41BB-8A32-06959F102AAD}.Release|Any CPU.ActiveCfg = Release|Any CPU
		{A32924D0-F17E-41BB-8A32-06959F102AAD}.Release|Any CPU.Build.0 = Release|Any CPU
	EndGlobalSection
	GlobalSection(SolutionProperties) = preSolution
		HideSolutionNode = FALSE
	EndGlobalSection
	GlobalSection(ExtensibilityGlobals) = postSolution
		SolutionGuid = {0E589625-029F-409D-8B24-546D8630BE1E}
	EndGlobalSection
EndGlobal
